
Microsoft Visual Studio Solution File, Format Version 12.00
# Visual Studio Version 16
VisualStudioVersion = 16.0.32106.194
MinimumVisualStudioVersion = 10.0.40219.1
Project("{FAE04EC0-301F-11D3-BF4B-00C04F79EFBC}") = "WebApplication5", "WebApplication5\WebApplication5.csproj", "{BFD0BF0C-13DA-421D-9B4C-2BC779115997}"
EndProject
Global
	GlobalSection(SolutionConfigurationPlatforms) = preSolution
		Debug|Any CPU = Debug|Any CPU
		Release|Any CPU = Release|Any CPU
	EndGlobalSection
	GlobalSection(ProjectConfigurationPlatforms) = postSolution
		{BFD0BF0C-13DA-421D-9B4C-2BC779115997}.Debug|Any CPU.ActiveCfg = Debug|Any CPU
		{BFD0BF0C-13DA-421D-9B4C-2BC779115997}.Debug|Any CPU.Build.0 = Debug|Any CPU
		{BFD0BF0C-13DA-421D-9B4C-2BC779115997}.Release|Any CPU.ActiveCfg = Release|Any CPU
		{BFD0BF0C-13DA-421D-9B4C-2BC779115997}.Release|Any CPU.Build.0 = Release|Any CPU
	EndGlobalSection
	GlobalSection(SolutionProperties) = preSolution
		HideSolutionNode = FALSE
	EndGlobalSection
	GlobalSection(ExtensibilityGlobals) = postSolution
		SolutionGuid = {70CA2E41-48AB-48A1-B640-1EEFD7B2ECE1}
	EndGlobalSection
EndGlobal
